
Microsoft Visual Studio Solution File, Format Version 12.00
# Visual Studio 15
VisualStudioVersion = 15.0.28307.489
MinimumVisualStudioVersion = 10.0.40219.1
Project("{9A19103F-16F7-4668-BE54-9A1E7A4F7556}") = "TCM.CAP.OrderService", "TCM.CAP.Test\TCM.CAP.OrderService.csproj", "{62F1CA86-D34C-4E71-A354-7809FC5F7892}"
EndProject
Project("{9A19103F-16F7-4668-BE54-9A1E7A4F7556}") = "TCM.CAP.DeliveryService", "TCM.CAP.DeliveryService\TCM.CAP.DeliveryService.csproj", "{2301B571-1A81-455E-BD7E-437850972C15}"
EndProject
Project("{FAE04EC0-301F-11D3-BF4B-00C04F79EFBC}") = "TCM.CAP.Model", "TCM.CAP.Model\TCM.CAP.Model.csproj", "{40DEE6CA-0BA5-4F77-B977-EED984C1BE55}"
EndProject
Project("{FAE04EC0-301F-11D3-BF4B-00C04F79EFBC}") = "TCM.CAP.Common", "TCM.CAP.Common\TCM.CAP.Common.csproj", "{E5C13A67-9881-4714-B201-3EDA265B5C51}"
EndProject
Global
	GlobalSection(SolutionConfigurationPlatforms) = preSolution
		Debug|Any CPU = Debug|Any CPU
		Release|Any CPU = Release|Any CPU
	EndGlobalSection
	GlobalSection(ProjectConfigurationPlatforms) = postSolution
		{62F1CA86-D34C-4E71-A354-7809FC5F7892}.Debug|Any CPU.ActiveCfg = Debug|Any CPU
		{62F1CA86-D34C-4E71-A354-7809FC5F7892}.Debug|Any CPU.Build.0 = Debug|Any CPU
		{62F1CA86-D34C-4E71-A354-7809FC5F7892}.Release|Any CPU.ActiveCfg = Release|Any CPU
		{62F1CA86-D34C-4E71-A354-7809FC5F7892}.Release|Any CPU.Build.0 = Release|Any CPU
		{2301B571-1A81-455E-BD7E-437850972C15}.Debug|Any CPU.ActiveCfg = Debug|Any CPU
		{2301B571-1A81-455E-BD7E-437850972C15}.Debug|Any CPU.Build.0 = Debug|Any CPU
		{2301B571-1A81-455E-BD7E-437850972C15}.Release|Any CPU.ActiveCfg = Release|Any CPU
		{2301B571-1A81-455E-BD7E-437850972C15}.Release|Any CPU.Build.0 = Release|Any CPU
		{40DEE6CA-0BA5-4F77-B977-EED984C1BE55}.Debug|Any CPU.ActiveCfg = Debug|Any CPU
		{40DEE6CA-0BA5-4F77-B977-EED984C1BE55}.Debug|Any CPU.Build.0 = Debug|Any CPU
		{40DEE6CA-0BA5-4F77-B977-EED984C1BE55}.Release|Any CPU.ActiveCfg = Release|Any CPU
		{40DEE6CA-0BA5-4F77-B977-EED984C1BE55}.Release|Any CPU.Build.0 = Release|Any CPU
		{E5C13A67-9881-4714-B201-3EDA265B5C51}.Debug|Any CPU.ActiveCfg = Debug|Any CPU
		{E5C13A67-9881-4714-B201-3EDA265B5C51}.Debug|Any CPU.Build.0 = Debug|Any CPU
		{E5C13A67-9881-4714-B201-3EDA265B5C51}.Release|Any CPU.ActiveCfg = Release|Any CPU
		{E5C13A67-9881-4714-B201-3EDA265B5C51}.Release|Any CPU.Build.0 = Release|Any CPU
	EndGlobalSection
	GlobalSection(SolutionProperties) = preSolution
		HideSolutionNode = FALSE
	EndGlobalSection
	GlobalSection(ExtensibilityGlobals) = postSolution
		SolutionGuid = {8E82CB7A-4AEE-4C8C-8A61-65E47659929B}
	EndGlobalSection
EndGlobal
